<?xml version="1.0" encoding="utf-8"?>
<Project ToolsVersion="4.0" xmlns="http://schemas.microsoft.com/developer/msbuild/2003">
  <ItemGroup>
    <Filter Include="Source Files">
      <UniqueIdentifier>{efc73bac-c015-4810-b40a-2e79514ace68}</UniqueIdentifier>
      <Extensions>cpp;c;cxx;rc;def;r;odl;idl;hpj;bat;f90;for;f;fpp</Extensions>
    </Filter>
    <Filter Include="Header Files">
      <UniqueIdentifier>{2c9fb496-4874-493a-9a9d-35b669763100}</UniqueIdentifier>
      <Extensions>h;hpp;hxx;hm;inl;fi;fd</Extensions>
    </Filter>
    <Filter Include="Resource Files">
      <UniqueIdentifier>{4ad5dea6-e517-4ca5-8713-d70bb312149d}</UniqueIdentifier>
      <Extensions>ico;cur;bmp;dlg;rc2;rct;bin;rgs;gif;jpg;jpeg;jpe</Extensions>
    </Filter>
  </ItemGroup>
  <ItemGroup>
    <ClCompile Include="Categories.cpp">
      <Filter>Source Files</Filter>
    </ClCompile>
    <ClCompile Include="Customers.cpp">
      <Filter>Source Files</Filter>
    </ClCompile>
    <ClCompile Include="DataSourceLocator.cpp">
      <Filter>Source Files</Filter>
    </ClCompile>
    <ClCompile Include="DemoCopyHelper.cpp">
      <Filter>Source Files</Filter>
    </ClCompile>
    <ClCompile Include="DlgCopyDesign.cpp">
      <Filter>Source Files</Filter>
    </ClCompile>
    <ClCompile Include="DlgUIChoicePrompt.cpp">
      <Filter>Source Files</Filter>
    </ClCompile>
    <ClCompile Include="Employees.cpp">
      <Filter>Source Files</Filter>
    </ClCompile>
    <ClCompile Include="ETLdemo.cpp">
      <Filter>Source Files</Filter>
    </ClCompile>
    <ClCompile Include="ETLdemoDlg.cpp">
      <Filter>Source Files</Filter>
    </ClCompile>
    <ClCompile Include="OrderDetails.cpp">
      <Filter>Source Files</Filter>
    </ClCompile>
    <ClCompile Include="Orders.cpp">
      <Filter>Source Files</Filter>
    </ClCompile>
    <ClCompile Include="Products.cpp">
      <Filter>Source Files</Filter>
    </ClCompile>
    <ClCompile Include="radix40.cpp">
      <Filter>Source Files</Filter>
    </ClCompile>
    <ClCompile Include="Shippers.cpp">
      <Filter>Source Files</Filter>
    </ClCompile>
    <ClCompile Include="StdAfx.cpp">
      <Filter>Source Files</Filter>
    </ClCompile>
    <ClCompile Include="Suppliers.cpp">
      <Filter>Source Files</Filter>
    </ClCompile>
  </ItemGroup>
  <ItemGroup>
    <ResourceCompile Include="ETLdemo.rc">
      <Filter>Source Files</Filter>
    </ResourceCompile>
  </ItemGroup>
  <ItemGroup>
    <ClInclude Include="Categories.h">
      <Filter>Header Files</Filter>
    </ClInclude>
    <ClInclude Include="Customers.h">
      <Filter>Header Files</Filter>
    </ClInclude>
    <ClInclude Include="DataSourceLocator.h">
      <Filter>Header Files</Filter>
    </ClInclude>
    <ClInclude Include="DemoCopyHelper.h">
      <Filter>Header Files</Filter>
    </ClInclude>
    <ClInclude Include="DlgCopyDesign.h">
      <Filter>Header Files</Filter>
    </ClInclude>
    <ClInclude Include="DlgUIChoicePrompt.h">
      <Filter>Header Files</Filter>
    </ClInclude>
    <ClInclude Include="Employees.h">
      <Filter>Header Files</Filter>
    </ClInclude>
    <ClInclude Include="ETLdemo.h">
      <Filter>Header Files</Filter>
    </ClInclude>
    <ClInclude Include="ETLdemoDlg.h">
      <Filter>Header Files</Filter>
    </ClInclude>
    <ClInclude Include="OrderDetails.h">
      <Filter>Header Files</Filter>
    </ClInclude>
    <ClInclude Include="Orders.h">
      <Filter>Header Files</Filter>
    </ClInclude>
    <ClInclude Include="Products.h">
      <Filter>Header Files</Filter>
    </ClInclude>
    <ClInclude Include="radix40.h">
      <Filter>Header Files</Filter>
    </ClInclude>
    <ClInclude Include="Resource.h">
      <Filter>Header Files</Filter>
    </ClInclude>
    <ClInclude Include="Shippers.h">
      <Filter>Header Files</Filter>
    </ClInclude>
    <ClInclude Include="StdAfx.h">
      <Filter>Header Files</Filter>
    </ClInclude>
    <ClInclude Include="Suppliers.h">
      <Filter>Header Files</Filter>
    </ClInclude>
  </ItemGroup>
  <ItemGroup>
    <Image Include="res\ETLdemo.ico">
      <Filter>Resource Files</Filter>
    </Image>
  </ItemGroup>
  <ItemGroup>
    <None Include="res\ETLdemo.rc2">
      <Filter>Resource Files</Filter>
    </None>
  </ItemGroup>
  <ItemGroup>
    <Text Include="ReadMe.txt" />
  </ItemGroup>
</Project>